
Microsoft Visual Studio Solution File, Format Version 12.00
# Visual Studio Version 17
VisualStudioVersion = 17.6.33829.357
MinimumVisualStudioVersion = 10.0.40219.1
Project("{9A19103F-16F7-4668-BE54-9A1E7A4F7556}") = "Telemedicina_TCC", "Telemedicina_TCC\Telemedicina_TCC.csproj", "{22429336-2861-48C4-92C2-1B954B671E42}"
EndProject
Global
	GlobalSection(SolutionConfigurationPlatforms) = preSolution
		Debug|Any CPU = Debug|Any CPU
		Release|Any CPU = Release|Any CPU
	EndGlobalSection
	GlobalSection(ProjectConfigurationPlatforms) = postSolution
		{22429336-2861-48C4-92C2-1B954B671E42}.Debug|Any CPU.ActiveCfg = Debug|Any CPU
		{22429336-2861-48C4-92C2-1B954B671E42}.Debug|Any CPU.Build.0 = Debug|Any CPU
		{22429336-2861-48C4-92C2-1B954B671E42}.Release|Any CPU.ActiveCfg = Release|Any CPU
		{22429336-2861-48C4-92C2-1B954B671E42}.Release|Any CPU.Build.0 = Release|Any CPU
	EndGlobalSection
	GlobalSection(SolutionProperties) = preSolution
		HideSolutionNode = FALSE
	EndGlobalSection
	GlobalSection(ExtensibilityGlobals) = postSolution
		SolutionGuid = {C02CEB6C-7786-4E14-8446-19F85B2BD4BE}
	EndGlobalSection
EndGlobal
